
Microsoft Visual Studio Solution File, Format Version 12.00
# Visual Studio Version 16
VisualStudioVersion = 16.0.29230.47
MinimumVisualStudioVersion = 10.0.40219.1
Project("{9A19103F-16F7-4668-BE54-9A1E7A4F7556}") = "Kommunikation", "Kommunikation\Kommunikation.csproj", "{7FBF3297-CFC4-4FB2-BFB3-7E6FEBCCA48E}"
EndProject
Project("{9A19103F-16F7-4668-BE54-9A1E7A4F7556}") = "_TestProjekt", "TestProjektKommunikation\_TestProjekt.csproj", "{16970EDA-A14E-4B8E-9CAF-837C344B8CB4}"
EndProject
Global
	GlobalSection(SolutionConfigurationPlatforms) = preSolution
		Debug|Any CPU = Debug|Any CPU
		Release|Any CPU = Release|Any CPU
	EndGlobalSection
	GlobalSection(ProjectConfigurationPlatforms) = postSolution
		{7FBF3297-CFC4-4FB2-BFB3-7E6FEBCCA48E}.Debug|Any CPU.ActiveCfg = Debug|Any CPU
		{7FBF3297-CFC4-4FB2-BFB3-7E6FEBCCA48E}.Debug|Any CPU.Build.0 = Debug|Any CPU
		{7FBF3297-CFC4-4FB2-BFB3-7E6FEBCCA48E}.Release|Any CPU.ActiveCfg = Release|Any CPU
		{7FBF3297-CFC4-4FB2-BFB3-7E6FEBCCA48E}.Release|Any CPU.Build.0 = Release|Any CPU
		{16970EDA-A14E-4B8E-9CAF-837C344B8CB4}.Debug|Any CPU.ActiveCfg = Debug|Any CPU
		{16970EDA-A14E-4B8E-9CAF-837C344B8CB4}.Debug|Any CPU.Build.0 = Debug|Any CPU
		{16970EDA-A14E-4B8E-9CAF-837C344B8CB4}.Release|Any CPU.ActiveCfg = Release|Any CPU
		{16970EDA-A14E-4B8E-9CAF-837C344B8CB4}.Release|Any CPU.Build.0 = Release|Any CPU
	EndGlobalSection
	GlobalSection(SolutionProperties) = preSolution
		HideSolutionNode = FALSE
	EndGlobalSection
	GlobalSection(ExtensibilityGlobals) = postSolution
		SolutionGuid = {58A0E3EA-86C8-42E7-A3ED-261747D651AF}
	EndGlobalSection
EndGlobal
